
Microsoft Visual Studio Solution File, Format Version 12.00
# Visual Studio Version 16
VisualStudioVersion = 16.0.30804.86
MinimumVisualStudioVersion = 10.0.40219.1
Project("{FAE04EC0-301F-11D3-BF4B-00C04F79EFBC}") = "swaad_index", "swaad_index\swaad_index.csproj", "{B4CE9FB3-0086-4D63-A1F1-1D01D7AC6F6C}"
EndProject
Global
	GlobalSection(SolutionConfigurationPlatforms) = preSolution
		Debug|Any CPU = Debug|Any CPU
		Release|Any CPU = Release|Any CPU
	EndGlobalSection
	GlobalSection(ProjectConfigurationPlatforms) = postSolution
		{B4CE9FB3-0086-4D63-A1F1-1D01D7AC6F6C}.Debug|Any CPU.ActiveCfg = Debug|Any CPU
		{B4CE9FB3-0086-4D63-A1F1-1D01D7AC6F6C}.Debug|Any CPU.Build.0 = Debug|Any CPU
		{B4CE9FB3-0086-4D63-A1F1-1D01D7AC6F6C}.Release|Any CPU.ActiveCfg = Release|Any CPU
		{B4CE9FB3-0086-4D63-A1F1-1D01D7AC6F6C}.Release|Any CPU.Build.0 = Release|Any CPU
	EndGlobalSection
	GlobalSection(SolutionProperties) = preSolution
		HideSolutionNode = FALSE
	EndGlobalSection
	GlobalSection(ExtensibilityGlobals) = postSolution
		SolutionGuid = {04E3A981-272D-47DB-869A-F41795C44967}
	EndGlobalSection
EndGlobal
